
Microsoft Visual Studio Solution File, Format Version 12.00
# Visual Studio Version 17
VisualStudioVersion = 17.5.002.0
MinimumVisualStudioVersion = 10.0.40219.1
Project("{9A19103F-16F7-4668-BE54-9A1E7A4F7556}") = "TestApi_dcbank", "TestApi_dcbank.csproj", "{DFCB60D0-1D75-49B4-82A1-D8402C2BED74}"
EndProject
Global
	GlobalSection(SolutionConfigurationPlatforms) = preSolution
		Debug|Any CPU = Debug|Any CPU
		Release|Any CPU = Release|Any CPU
	EndGlobalSection
	GlobalSection(ProjectConfigurationPlatforms) = postSolution
		{DFCB60D0-1D75-49B4-82A1-D8402C2BED74}.Debug|Any CPU.ActiveCfg = Debug|Any CPU
		{DFCB60D0-1D75-49B4-82A1-D8402C2BED74}.Debug|Any CPU.Build.0 = Debug|Any CPU
		{DFCB60D0-1D75-49B4-82A1-D8402C2BED74}.Release|Any CPU.ActiveCfg = Release|Any CPU
		{DFCB60D0-1D75-49B4-82A1-D8402C2BED74}.Release|Any CPU.Build.0 = Release|Any CPU
	EndGlobalSection
	GlobalSection(SolutionProperties) = preSolution
		HideSolutionNode = FALSE
	EndGlobalSection
	GlobalSection(ExtensibilityGlobals) = postSolution
		SolutionGuid = {A0872EF5-9498-4CBE-8F8D-3EF68A8D8442}
	EndGlobalSection
EndGlobal
